
Microsoft Visual Studio Solution File, Format Version 12.00
# Visual Studio Version 17
VisualStudioVersion = 17.8.34330.188
MinimumVisualStudioVersion = 10.0.40219.1
Project("{FAE04EC0-301F-11D3-BF4B-00C04F79EFBC}") = "KeepSavvy", "KeepSavvy\KeepSavvy.csproj", "{B8028F74-2CEC-42D3-9B9C-9B491854866A}"
EndProject
Global
	GlobalSection(SolutionConfigurationPlatforms) = preSolution
		Debug|Any CPU = Debug|Any CPU
		Release|Any CPU = Release|Any CPU
	EndGlobalSection
	GlobalSection(ProjectConfigurationPlatforms) = postSolution
		{B8028F74-2CEC-42D3-9B9C-9B491854866A}.Debug|Any CPU.ActiveCfg = Debug|Any CPU
		{B8028F74-2CEC-42D3-9B9C-9B491854866A}.Debug|Any CPU.Build.0 = Debug|Any CPU
		{B8028F74-2CEC-42D3-9B9C-9B491854866A}.Release|Any CPU.ActiveCfg = Release|Any CPU
		{B8028F74-2CEC-42D3-9B9C-9B491854866A}.Release|Any CPU.Build.0 = Release|Any CPU
	EndGlobalSection
	GlobalSection(SolutionProperties) = preSolution
		HideSolutionNode = FALSE
	EndGlobalSection
	GlobalSection(ExtensibilityGlobals) = postSolution
		SolutionGuid = {F4E2A6BF-BC02-4451-B151-17E8826F47BB}
	EndGlobalSection
EndGlobal
